Microsoft Visual Studio Solution File, Format Version 12.00
# Visual Studio Version 17
VisualStudioVersion = 17.5.2.0
MinimumVisualStudioVersion = 10.0.40219.1
Project("{FAE04EC0-301F-11D3-BF4B-00C04F79EFBC}") = "OHD-backend", "OHD-backend.csproj", "{59479F80-A769-25A4-C144-92F6F4EB228A}"
EndProject
Global
	GlobalSection(SolutionConfigurationPlatforms) = preSolution
		Debug|Any CPU = Debug|Any CPU
		Release|Any CPU = Release|Any CPU
	EndGlobalSection
	GlobalSection(ProjectConfigurationPlatforms) = postSolution
		{59479F80-A769-25A4-C144-92F6F4EB228A}.Debug|Any CPU.ActiveCfg = Debug|Any CPU
		{59479F80-A769-25A4-C144-92F6F4EB228A}.Debug|Any CPU.Build.0 = Debug|Any CPU
		{59479F80-A769-25A4-C144-92F6F4EB228A}.Release|Any CPU.ActiveCfg = Release|Any CPU
		{59479F80-A769-25A4-C144-92F6F4EB228A}.Release|Any CPU.Build.0 = Release|Any CPU
	EndGlobalSection
	GlobalSection(SolutionProperties) = preSolution
		HideSolutionNode = FALSE
	EndGlobalSection
	GlobalSection(ExtensibilityGlobals) = postSolution
		SolutionGuid = {AA6BB4A5-2303-4934-A787-B12F0165E40D}
	EndGlobalSection
EndGlobal
